
Microsoft Visual Studio Solution File, Format Version 12.00
# Visual Studio Version 17
VisualStudioVersion = 17.9.34728.123
MinimumVisualStudioVersion = 10.0.40219.1
Project("{FAE04EC0-301F-11D3-BF4B-00C04F79EFBC}") = "BookApi", "BookApi.csproj", "{55ADBF7B-C8DB-4013-A486-D9B1EF05E417}"
EndProject
Global
	GlobalSection(SolutionConfigurationPlatforms) = preSolution
		Debug|Any CPU = Debug|Any CPU
		Release|Any CPU = Release|Any CPU
	EndGlobalSection
	GlobalSection(ProjectConfigurationPlatforms) = postSolution
		{55ADBF7B-C8DB-4013-A486-D9B1EF05E417}.Debug|Any CPU.ActiveCfg = Debug|Any CPU
		{55ADBF7B-C8DB-4013-A486-D9B1EF05E417}.Debug|Any CPU.Build.0 = Debug|Any CPU
		{55ADBF7B-C8DB-4013-A486-D9B1EF05E417}.Release|Any CPU.ActiveCfg = Release|Any CPU
		{55ADBF7B-C8DB-4013-A486-D9B1EF05E417}.Release|Any CPU.Build.0 = Release|Any CPU
	EndGlobalSection
	GlobalSection(SolutionProperties) = preSolution
		HideSolutionNode = FALSE
	EndGlobalSection
	GlobalSection(ExtensibilityGlobals) = postSolution
		SolutionGuid = {73F9832C-09E3-419A-84B7-913716DFA8C5}
	EndGlobalSection
EndGlobal
